// !$*UTF8*$!
{
	archiveVersion = 1;
	classes = {
	};
	objectVersion = 55;
	objects = {

/* Begin PBXBuildFile section */
		272AAB5451B40206593A621F /* libPods-PopupManagerDemo-PopupManagerDemoUITests.a in Frameworks */ = {isa = PBXBuildFile; fileRef = FDAAC836834BD9E63C29E1E2 /* libPods-PopupManagerDemo-PopupManagerDemoUITests.a */; };
		517F180912C69340E39E5BCE /* libPods-PopupManagerDemo.a in Frameworks */ = {isa = PBXBuildFile; fileRef = 3CD5D76285A3E4C44D7B7C57 /* libPods-PopupManagerDemo.a */; };
		8363BE2434C2AB509A288991 /* libPods-PopupManagerDemoTests.a in Frameworks */ = {isa = PBXBuildFile; fileRef = 9BEFC4B549D5BD2445D2114C /* libPods-PopupManagerDemoTests.a */; };
		DD5ECE2F2873D2E300662E49 /* AppDelegate.swift in Sources */ = {isa = PBXBuildFile; fileRef = DD5ECE2E2873D2E300662E49 /* AppDelegate.swift */; };
		DD5ECE312873D2E300662E49 /* SceneDelegate.swift in Sources */ = {isa = PBXBuildFile; fileRef = DD5ECE302873D2E300662E49 /* SceneDelegate.swift */; };
		DD5ECE332873D2E300662E49 /* ViewController.swift in Sources */ = {isa = PBXBuildFile; fileRef = DD5ECE322873D2E300662E49 /* ViewController.swift */; };
		DD5ECE362873D2E300662E49 /* Main.storyboard in Resources */ = {isa = PBXBuildFile; fileRef = DD5ECE342873D2E300662E49 /* Main.storyboard */; };
		DD5ECE382873D2E500662E49 /* Assets.xcassets in Resources */ = {isa = PBXBuildFile; fileRef = DD5ECE372873D2E500662E49 /* Assets.xcassets */; };
		DD5ECE3B2873D2E500662E49 /* LaunchScreen.storyboard in Resources */ = {isa = PBXBuildFile; fileRef = DD5ECE392873D2E500662E49 /* LaunchScreen.storyboard */; };
		DD5ECE462873D2E500662E49 /* PopupManagerDemoTests.swift in Sources */ = {isa = PBXBuildFile; fileRef = DD5ECE452873D2E500662E49 /* PopupManagerDemoTests.swift */; };
		DD5ECE502873D2E500662E49 /* PopupManagerDemoUITests.swift in Sources */ = {isa = PBXBuildFile; fileRef = DD5ECE4F2873D2E500662E49 /* PopupManagerDemoUITests.swift */; };
		DD5ECE522873D2E500662E49 /* PopupManagerDemoUITestsLaunchTests.swift in Sources */ = {isa = PBXBuildFile; fileRef = DD5ECE512873D2E500662E49 /* PopupManagerDemoUITestsLaunchTests.swift */; };
		DD5ECE602873EA3400662E49 /* BBPopupScheduler.swift in Sources */ = {isa = PBXBuildFile; fileRef = DD5ECE5F2873EA3400662E49 /* BBPopupScheduler.swift */; };
		DD5EDC1D28741E8600662E49 /* BBPopupView.swift in Sources */ = {isa = PBXBuildFile; fileRef = DD5EDC1C28741E8600662E49 /* BBPopupView.swift */; };
		DD9F4D5728755DB9003320D2 /* BBPopupSchedulerStrategyQueue.swift in Sources */ = {isa = PBXBuildFile; fileRef = DD9F4D5628755DB9003320D2 /* BBPopupSchedulerStrategyQueue.swift */; };
		DD9F4D5928756CA8003320D2 /* BBPopupList.swift in Sources */ = {isa = PBXBuildFile; fileRef = DD9F4D5828756CA8003320D2 /* BBPopupList.swift */; };
		DD9F5F1A28758950003320D2 /* CustomPopView.swift in Sources */ = {isa = PBXBuildFile; fileRef = DD9F5F1928758950003320D2 /* CustomPopView.swift */; };
		DD9F5F1C287589A2003320D2 /* BBPopupSchedulerConstants.swift in Sources */ = {isa = PBXBuildFile; fileRef = DD9F5F1B287589A2003320D2 /* BBPopupSchedulerConstants.swift */; };
/* End PBXBuildFile section */

/* Begin PBXContainerItemProxy section */
		DD5ECE422873D2E500662E49 /* PBXContainerItemProxy */ = {
			isa = PBXContainerItemProxy;
			containerPortal = DD5ECE232873D2E300662E49 /* Project object */;
			proxyType = 1;
			remoteGlobalIDString = DD5ECE2A2873D2E300662E49;
			remoteInfo = PopupManagerDemo;
		};
		DD5ECE4C2873D2E500662E49 /* PBXContainerItemProxy */ = {
			isa = PBXContainerItemProxy;
			containerPortal = DD5ECE232873D2E300662E49 /* Project object */;
			proxyType = 1;
			remoteGlobalIDString = DD5ECE2A2873D2E300662E49;
			remoteInfo = PopupManagerDemo;
		};
/* End PBXContainerItemProxy section */

/* Begin PBXFileReference section */
		3CD5D76285A3E4C44D7B7C57 /* libPods-PopupManagerDemo.a */ = {isa = PBXFileReference; explicitFileType = archive.ar; includeInIndex = 0; path = "libPods-PopupManagerDemo.a"; sourceTree = BUILT_PRODUCTS_DIR; };
		51F68244054BD9B4E78B8ABB /* Pods-PopupManagerDemoTests.release.xcconfig */ = {isa = PBXFileReference; includeInIndex = 1; lastKnownFileType = text.xcconfig; name = "Pods-PopupManagerDemoTests.release.xcconfig"; path = "Target Support Files/Pods-PopupManagerDemoTests/Pods-PopupManagerDemoTests.release.xcconfig"; sourceTree = "<group>"; };
		7A6E512A7A394F6E9A2960F7 /* Pods-PopupManagerDemo-PopupManagerDemoUITests.debug.xcconfig */ = {isa = PBXFileReference; includeInIndex = 1; lastKnownFileType = text.xcconfig; name = "Pods-PopupManagerDemo-PopupManagerDemoUITests.debug.xcconfig"; path = "Target Support Files/Pods-PopupManagerDemo-PopupManagerDemoUITests/Pods-PopupManagerDemo-PopupManagerDemoUITests.debug.xcconfig"; sourceTree = "<group>"; };
		9BEFC4B549D5BD2445D2114C /* libPods-PopupManagerDemoTests.a */ = {isa = PBXFileReference; explicitFileType = archive.ar; includeInIndex = 0; path = "libPods-PopupManagerDemoTests.a"; sourceTree = BUILT_PRODUCTS_DIR; };
		AC14B69D83B6541FE9F5B250 /* Pods-PopupManagerDemoTests.debug.xcconfig */ = {isa = PBXFileReference; includeInIndex = 1; lastKnownFileType = text.xcconfig; name = "Pods-PopupManagerDemoTests.debug.xcconfig"; path = "Target Support Files/Pods-PopupManagerDemoTests/Pods-PopupManagerDemoTests.debug.xcconfig"; sourceTree = "<group>"; };
		BF10EC3C85A9B4653F5FA5AF /* Pods-PopupManagerDemo.debug.xcconfig */ = {isa = PBXFileReference; includeInIndex = 1; lastKnownFileType = text.xcconfig; name = "Pods-PopupManagerDemo.debug.xcconfig"; path = "Target Support Files/Pods-PopupManagerDemo/Pods-PopupManagerDemo.debug.xcconfig"; sourceTree = "<group>"; };
		DD5ECE2B2873D2E300662E49 /* PopupManagerDemo.app */ = {isa = PBXFileReference; explicitFileType = wrapper.application; includeInIndex = 0; path = PopupManagerDemo.app; sourceTree = BUILT_PRODUCTS_DIR; };
		DD5ECE2E2873D2E300662E49 /* AppDelegate.swift */ = {isa = PBXFileReference; lastKnownFileType = sourcecode.swift; path = AppDelegate.swift; sourceTree = "<group>"; };
		DD5ECE302873D2E300662E49 /* SceneDelegate.swift */ = {isa = PBXFileReference; lastKnownFileType = sourcecode.swift; path = SceneDelegate.swift; sourceTree = "<group>"; };
		DD5ECE322873D2E300662E49 /* ViewController.swift */ = {isa = PBXFileReference; lastKnownFileType = sourcecode.swift; path = ViewController.swift; sourceTree = "<group>"; };
		DD5ECE352873D2E300662E49 /* Base */ = {isa = PBXFileReference; lastKnownFileType = file.storyboard; name = Base; path = Base.lproj/Main.storyboard; sourceTree = "<group>"; };
		DD5ECE372873D2E500662E49 /* Assets.xcassets */ = {isa = PBXFileReference; lastKnownFileType = folder.assetcatalog; path = Assets.xcassets; sourceTree = "<group>"; };
		DD5ECE3A2873D2E500662E49 /* Base */ = {isa = PBXFileReference; lastKnownFileType = file.storyboard; name = Base; path = Base.lproj/LaunchScreen.storyboard; sourceTree = "<group>"; };
		DD5ECE3C2873D2E500662E49 /* Info.plist */ = {isa = PBXFileReference; lastKnownFileType = text.plist.xml; path = Info.plist; sourceTree = "<group>"; };
		DD5ECE412873D2E500662E49 /* PopupManagerDemoTests.xctest */ = {isa = PBXFileReference; explicitFileType = wrapper.cfbundle; includeInIndex = 0; path = PopupManagerDemoTests.xctest; sourceTree = BUILT_PRODUCTS_DIR; };
		DD5ECE452873D2E500662E49 /* PopupManagerDemoTests.swift */ = {isa = PBXFileReference; lastKnownFileType = sourcecode.swift; path = PopupManagerDemoTests.swift; sourceTree = "<group>"; };
		DD5ECE4B2873D2E500662E49 /* PopupManagerDemoUITests.xctest */ = {isa = PBXFileReference; explicitFileType = wrapper.cfbundle; includeInIndex = 0; path = PopupManagerDemoUITests.xctest; sourceTree = BUILT_PRODUCTS_DIR; };
		DD5ECE4F2873D2E500662E49 /* PopupManagerDemoUITests.swift */ = {isa = PBXFileReference; lastKnownFileType = sourcecode.swift; path = PopupManagerDemoUITests.swift; sourceTree = "<group>"; };
		DD5ECE512873D2E500662E49 /* PopupManagerDemoUITestsLaunchTests.swift */ = {isa = PBXFileReference; lastKnownFileType = sourcecode.swift; path = PopupManagerDemoUITestsLaunchTests.swift; sourceTree = "<group>"; };
		DD5ECE5F2873EA3400662E49 /* BBPopupScheduler.swift */ = {isa = PBXFileReference; lastKnownFileType = sourcecode.swift; path = BBPopupScheduler.swift; sourceTree = "<group>"; };
		DD5EDC1C28741E8600662E49 /* BBPopupView.swift */ = {isa = PBXFileReference; lastKnownFileType = sourcecode.swift; path = BBPopupView.swift; sourceTree = "<group>"; };
		DD9F4D5628755DB9003320D2 /* BBPopupSchedulerStrategyQueue.swift */ = {isa = PBXFileReference; lastKnownFileType = sourcecode.swift; path = BBPopupSchedulerStrategyQueue.swift; sourceTree = "<group>"; };
		DD9F4D5828756CA8003320D2 /* BBPopupList.swift */ = {isa = PBXFileReference; lastKnownFileType = sourcecode.swift; path = BBPopupList.swift; sourceTree = "<group>"; };
		DD9F5F1928758950003320D2 /* CustomPopView.swift */ = {isa = PBXFileReference; lastKnownFileType = sourcecode.swift; path = CustomPopView.swift; sourceTree = "<group>"; };
		DD9F5F1B287589A2003320D2 /* BBPopupSchedulerConstants.swift */ = {isa = PBXFileReference; lastKnownFileType = sourcecode.swift; path = BBPopupSchedulerConstants.swift; sourceTree = "<group>"; };
		EC7A58AF2094B3D9B83CDABF /* Pods-PopupManagerDemo-PopupManagerDemoUITests.release.xcconfig */ = {isa = PBXFileReference; includeInIndex = 1; lastKnownFileType = text.xcconfig; name = "Pods-PopupManagerDemo-PopupManagerDemoUITests.release.xcconfig"; path = "Target Support Files/Pods-PopupManagerDemo-PopupManagerDemoUITests/Pods-PopupManagerDemo-PopupManagerDemoUITests.release.xcconfig"; sourceTree = "<group>"; };
		F768E94D4AA1E220554AF8DB /* Pods-PopupManagerDemo.release.xcconfig */ = {isa = PBXFileReference; includeInIndex = 1; lastKnownFileType = text.xcconfig; name = "Pods-PopupManagerDemo.release.xcconfig"; path = "Target Support Files/Pods-PopupManagerDemo/Pods-PopupManagerDemo.release.xcconfig"; sourceTree = "<group>"; };
		FDAAC836834BD9E63C29E1E2 /* libPods-PopupManagerDemo-PopupManagerDemoUITests.a */ = {isa = PBXFileReference; explicitFileType = archive.ar; includeInIndex = 0; path = "libPods-PopupManagerDemo-PopupManagerDemoUITests.a"; sourceTree = BUILT_PRODUCTS_DIR; };
/* End PBXFileReference section */

/* Begin PBXFrameworksBuildPhase section */
		DD5ECE282873D2E300662E49 /* Frameworks */ = {
			isa = PBXFrameworksBuildPhase;
			buildActionMask = 2147483647;
			files = (
				517F180912C69340E39E5BCE /* libPods-PopupManagerDemo.a in Frameworks */,
			);
			runOnlyForDeploymentPostprocessing = 0;
		};
		DD5ECE3E2873D2E500662E49 /* Frameworks */ = {
			isa = PBXFrameworksBuildPhase;
			buildActionMask = 2147483647;
			files = (
				8363BE2434C2AB509A288991 /* libPods-PopupManagerDemoTests.a in Frameworks */,
			);
			runOnlyForDeploymentPostprocessing = 0;
		};
		DD5ECE482873D2E500662E49 /* Frameworks */ = {
			isa = PBXFrameworksBuildPhase;
			buildActionMask = 2147483647;
			files = (
				272AAB5451B40206593A621F /* libPods-PopupManagerDemo-PopupManagerDemoUITests.a in Frameworks */,
			);
			runOnlyForDeploymentPostprocessing = 0;
		};
/* End PBXFrameworksBuildPhase section */

/* Begin PBXGroup section */
		84E342829D4E1A287EFEAE85 /* Pods */ = {
			isa = PBXGroup;
			children = (
				BF10EC3C85A9B4653F5FA5AF /* Pods-PopupManagerDemo.debug.xcconfig */,
				F768E94D4AA1E220554AF8DB /* Pods-PopupManagerDemo.release.xcconfig */,
				7A6E512A7A394F6E9A2960F7 /* Pods-PopupManagerDemo-PopupManagerDemoUITests.debug.xcconfig */,
				EC7A58AF2094B3D9B83CDABF /* Pods-PopupManagerDemo-PopupManagerDemoUITests.release.xcconfig */,
				AC14B69D83B6541FE9F5B250 /* Pods-PopupManagerDemoTests.debug.xcconfig */,
				51F68244054BD9B4E78B8ABB /* Pods-PopupManagerDemoTests.release.xcconfig */,
			);
			path = Pods;
			sourceTree = "<group>";
		};
		AFE5C14C746A4E9EC23A39D8 /* Frameworks */ = {
			isa = PBXGroup;
			children = (
				3CD5D76285A3E4C44D7B7C57 /* libPods-PopupManagerDemo.a */,
				FDAAC836834BD9E63C29E1E2 /* libPods-PopupManagerDemo-PopupManagerDemoUITests.a */,
				9BEFC4B549D5BD2445D2114C /* libPods-PopupManagerDemoTests.a */,
			);
			name = Frameworks;
			sourceTree = "<group>";
		};
		DD5ECE222873D2E300662E49 = {
			isa = PBXGroup;
			children = (
				DD5ECE2D2873D2E300662E49 /* PopupManagerDemo */,
				DD5ECE442873D2E500662E49 /* PopupManagerDemoTests */,
				DD5ECE4E2873D2E500662E49 /* PopupManagerDemoUITests */,
				DD5ECE2C2873D2E300662E49 /* Products */,
				84E342829D4E1A287EFEAE85 /* Pods */,
				AFE5C14C746A4E9EC23A39D8 /* Frameworks */,
			);
			sourceTree = "<group>";
		};
		DD5ECE2C2873D2E300662E49 /* Products */ = {
			isa = PBXGroup;
			children = (
				DD5ECE2B2873D2E300662E49 /* PopupManagerDemo.app */,
				DD5ECE412873D2E500662E49 /* PopupManagerDemoTests.xctest */,
				DD5ECE4B2873D2E500662E49 /* PopupManagerDemoUITests.xctest */,
			);
			name = Products;
			sourceTree = "<group>";
		};
		DD5ECE2D2873D2E300662E49 /* PopupManagerDemo */ = {
			isa = PBXGroup;
			children = (
				DD5ECE5E2873D97600662E49 /* PopupManager */,
				DD5ECE2E2873D2E300662E49 /* AppDelegate.swift */,
				DD5ECE302873D2E300662E49 /* SceneDelegate.swift */,
				DD5ECE322873D2E300662E49 /* ViewController.swift */,
				DD9F5F1628758933003320D2 /* PopView */,
				DD5ECE342873D2E300662E49 /* Main.storyboard */,
				DD5ECE372873D2E500662E49 /* Assets.xcassets */,
				DD5ECE392873D2E500662E49 /* LaunchScreen.storyboard */,
				DD5ECE3C2873D2E500662E49 /* Info.plist */,
			);
			path = PopupManagerDemo;
			sourceTree = "<group>";
		};
		DD5ECE442873D2E500662E49 /* PopupManagerDemoTests */ = {
			isa = PBXGroup;
			children = (
				DD5ECE452873D2E500662E49 /* PopupManagerDemoTests.swift */,
			);
			path = PopupManagerDemoTests;
			sourceTree = "<group>";
		};
		DD5ECE4E2873D2E500662E49 /* PopupManagerDemoUITests */ = {
			isa = PBXGroup;
			children = (
				DD5ECE4F2873D2E500662E49 /* PopupManagerDemoUITests.swift */,
				DD5ECE512873D2E500662E49 /* PopupManagerDemoUITestsLaunchTests.swift */,
			);
			path = PopupManagerDemoUITests;
			sourceTree = "<group>";
		};
		DD5ECE5E2873D97600662E49 /* PopupManager */ = {
			isa = PBXGroup;
			children = (
				DD5ECE5F2873EA3400662E49 /* BBPopupScheduler.swift */,
				DD5EDC1C28741E8600662E49 /* BBPopupView.swift */,
				DD9F4D5628755DB9003320D2 /* BBPopupSchedulerStrategyQueue.swift */,
				DD9F4D5828756CA8003320D2 /* BBPopupList.swift */,
				DD9F5F1B287589A2003320D2 /* BBPopupSchedulerConstants.swift */,
			);
			path = PopupManager;
			sourceTree = "<group>";
		};
		DD9F5F1628758933003320D2 /* PopView */ = {
			isa = PBXGroup;
			children = (
				DD9F5F1928758950003320D2 /* CustomPopView.swift */,
			);
			path = PopView;
			sourceTree = "<group>";
		};
/* End PBXGroup section */

/* Begin PBXNativeTarget section */
		DD5ECE2A2873D2E300662E49 /* PopupManagerDemo */ = {
			isa = PBXNativeTarget;
			buildConfigurationList = DD5ECE552873D2E500662E49 /* Build configuration list for PBXNativeTarget "PopupManagerDemo" */;
			buildPhases = (
				202B598828D95F785AC47C1B /* [CP] Check Pods Manifest.lock */,
				DD5ECE272873D2E300662E49 /* Sources */,
				DD5ECE282873D2E300662E49 /* Frameworks */,
				DD5ECE292873D2E300662E49 /* Resources */,
			);
			buildRules = (
			);
			dependencies = (
			);
			name = PopupManagerDemo;
			productName = PopupManagerDemo;
			productReference = DD5ECE2B2873D2E300662E49 /* PopupManagerDemo.app */;
			productType = "com.apple.product-type.application";
		};
		DD5ECE402873D2E500662E49 /* PopupManagerDemoTests */ = {
			isa = PBXNativeTarget;
			buildConfigurationList = DD5ECE582873D2E500662E49 /* Build configuration list for PBXNativeTarget "PopupManagerDemoTests" */;
			buildPhases = (
				3E7AD721B3CB8CC0A9DAE881 /* [CP] Check Pods Manifest.lock */,
				DD5ECE3D2873D2E500662E49 /* Sources */,
				DD5ECE3E2873D2E500662E49 /* Frameworks */,
				DD5ECE3F2873D2E500662E49 /* Resources */,
			);
			buildRules = (
			);
			dependencies = (
				DD5ECE432873D2E500662E49 /* PBXTargetDependency */,
			);
			name = PopupManagerDemoTests;
			productName = PopupManagerDemoTests;
			productReference = DD5ECE412873D2E500662E49 /* PopupManagerDemoTests.xctest */;
			productType = "com.apple.product-type.bundle.unit-test";
		};
		DD5ECE4A2873D2E500662E49 /* PopupManagerDemoUITests */ = {
			isa = PBXNativeTarget;
			buildConfigurationList = DD5ECE5B2873D2E500662E49 /* Build configuration list for PBXNativeTarget "PopupManagerDemoUITests" */;
			buildPhases = (
				4154C074E5E25BE4FA5E2645 /* [CP] Check Pods Manifest.lock */,
				DD5ECE472873D2E500662E49 /* Sources */,
				DD5ECE482873D2E500662E49 /* Frameworks */,
				DD5ECE492873D2E500662E49 /* Resources */,
			);
			buildRules = (
			);
			dependencies = (
				DD5ECE4D2873D2E500662E49 /* PBXTargetDependency */,
			);
			name = PopupManagerDemoUITests;
			productName = PopupManagerDemoUITests;
			productReference = DD5ECE4B2873D2E500662E49 /* PopupManagerDemoUITests.xctest */;
			productType = "com.apple.product-type.bundle.ui-testing";
		};
/* End PBXNativeTarget section */

/* Begin PBXProject section */
		DD5ECE232873D2E300662E49 /* Project object */ = {
			isa = PBXProject;
			attributes = {
				BuildIndependentTargetsInParallel = 1;
				LastSwiftUpdateCheck = 1340;
				LastUpgradeCheck = 1340;
				TargetAttributes = {
					DD5ECE2A2873D2E300662E49 = {
						CreatedOnToolsVersion = 13.4.1;
					};
					DD5ECE402873D2E500662E49 = {
						CreatedOnToolsVersion = 13.4.1;
						TestTargetID = DD5ECE2A2873D2E300662E49;
					};
					DD5ECE4A2873D2E500662E49 = {
						CreatedOnToolsVersion = 13.4.1;
						TestTargetID = DD5ECE2A2873D2E300662E49;
					};
				};
			};
			buildConfigurationList = DD5ECE262873D2E300662E49 /* Build configuration list for PBXProject "PopupManagerDemo" */;
			compatibilityVersion = "Xcode 13.0";
			developmentRegion = en;
			hasScannedForEncodings = 0;
			knownRegions = (
				en,
				Base,
			);
			mainGroup = DD5ECE222873D2E300662E49;
			productRefGroup = DD5ECE2C2873D2E300662E49 /* Products */;
			projectDirPath = "";
			projectRoot = "";
			targets = (
				DD5ECE2A2873D2E300662E49 /* PopupManagerDemo */,
				DD5ECE402873D2E500662E49 /* PopupManagerDemoTests */,
				DD5ECE4A2873D2E500662E49 /* PopupManagerDemoUITests */,
			);
		};
/* End PBXProject section */

/* Begin PBXResourcesBuildPhase section */
		DD5ECE292873D2E300662E49 /* Resources */ = {
			isa = PBXResourcesBuildPhase;
			buildActionMask = 2147483647;
			files = (
				DD5ECE3B2873D2E500662E49 /* LaunchScreen.storyboard in Resources */,
				DD5ECE382873D2E500662E49 /* Assets.xcassets in Resources */,
				DD5ECE362873D2E300662E49 /* Main.storyboard in Resources */,
			);
			runOnlyForDeploymentPostprocessing = 0;
		};
		DD5ECE3F2873D2E500662E49 /* Resources */ = {
			isa = PBXResourcesBuildPhase;
			buildActionMask = 2147483647;
			files = (
			);
			runOnlyForDeploymentPostprocessing = 0;
		};
		DD5ECE492873D2E500662E49 /* Resources */ = {
			isa = PBXResourcesBuildPhase;
			buildActionMask = 2147483647;
			files = (
			);
			runOnlyForDeploymentPostprocessing = 0;
		};
/* End PBXResourcesBuildPhase section */

/* Begin PBXShellScriptBuildPhase section */
		202B598828D95F785AC47C1B /* [CP] Check Pods Manifest.lock */ = {
			isa = PBXShellScriptBuildPhase;
			buildActionMask = 2147483647;
			files = (
			);
			inputFileListPaths = (
			);
			inputPaths = (
				"${PODS_PODFILE_DIR_PATH}/Podfile.lock",
				"${PODS_ROOT}/Manifest.lock",
			);
			name = "[CP] Check Pods Manifest.lock";
			outputFileListPaths = (
			);
			outputPaths = (
				"$(DERIVED_FILE_DIR)/Pods-PopupManagerDemo-checkManifestLockResult.txt",
			);
			runOnlyForDeploymentPostprocessing = 0;
			shellPath = /bin/sh;
			shellScript = "diff \"${PODS_PODFILE_DIR_PATH}/Podfile.lock\" \"${PODS_ROOT}/Manifest.lock\" > /dev/null\nif [ $? != 0 ] ; then\n    # print error to STDERR\n    echo \"error: The sandbox is not in sync with the Podfile.lock. Run 'pod install' or update your CocoaPods installation.\" >&2\n    exit 1\nfi\n# This output is used by Xcode 'outputs' to avoid re-running this script phase.\necho \"SUCCESS\" > \"${SCRIPT_OUTPUT_FILE_0}\"\n";
			showEnvVarsInLog = 0;
		};
		3E7AD721B3CB8CC0A9DAE881 /* [CP] Check Pods Manifest.lock */ = {
			isa = PBXShellScriptBuildPhase;
			buildActionMask = 2147483647;
			files = (
			);
			inputFileListPaths = (
			);
			inputPaths = (
				"${PODS_PODFILE_DIR_PATH}/Podfile.lock",
				"${PODS_ROOT}/Manifest.lock",
			);
			name = "[CP] Check Pods Manifest.lock";
			outputFileListPaths = (
			);
			outputPaths = (
				"$(DERIVED_FILE_DIR)/Pods-PopupManagerDemoTests-checkManifestLockResult.txt",
			);
			runOnlyForDeploymentPostprocessing = 0;
			shellPath = /bin/sh;
			shellScript = "diff \"${PODS_PODFILE_DIR_PATH}/Podfile.lock\" \"${PODS_ROOT}/Manifest.lock\" > /dev/null\nif [ $? != 0 ] ; then\n    # print error to STDERR\n    echo \"error: The sandbox is not in sync with the Podfile.lock. Run 'pod install' or update your CocoaPods installation.\" >&2\n    exit 1\nfi\n# This output is used by Xcode 'outputs' to avoid re-running this script phase.\necho \"SUCCESS\" > \"${SCRIPT_OUTPUT_FILE_0}\"\n";
			showEnvVarsInLog = 0;
		};
		4154C074E5E25BE4FA5E2645 /* [CP] Check Pods Manifest.lock */ = {
			isa = PBXShellScriptBuildPhase;
			buildActionMask = 2147483647;
			files = (
			);
			inputFileListPaths = (
			);
			inputPaths = (
				"${PODS_PODFILE_DIR_PATH}/Podfile.lock",
				"${PODS_ROOT}/Manifest.lock",
			);
			name = "[CP] Check Pods Manifest.lock";
			outputFileListPaths = (
			);
			outputPaths = (
				"$(DERIVED_FILE_DIR)/Pods-PopupManagerDemo-PopupManagerDemoUITests-checkManifestLockResult.txt",
			);
			runOnlyForDeploymentPostprocessing = 0;
			shellPath = /bin/sh;
			shellScript = "diff \"${PODS_PODFILE_DIR_PATH}/Podfile.lock\" \"${PODS_ROOT}/Manifest.lock\" > /dev/null\nif [ $? != 0 ] ; then\n    # print error to STDERR\n    echo \"error: The sandbox is not in sync with the Podfile.lock. Run 'pod install' or update your CocoaPods installation.\" >&2\n    exit 1\nfi\n# This output is used by Xcode 'outputs' to avoid re-running this script phase.\necho \"SUCCESS\" > \"${SCRIPT_OUTPUT_FILE_0}\"\n";
			showEnvVarsInLog = 0;
		};
/* End PBXShellScriptBuildPhase section */

/* Begin PBXSourcesBuildPhase section */
		DD5ECE272873D2E300662E49 /* Sources */ = {
			isa = PBXSourcesBuildPhase;
			buildActionMask = 2147483647;
			files = (
				DD9F5F1C287589A2003320D2 /* BBPopupSchedulerConstants.swift in Sources */,
				DD9F4D5928756CA8003320D2 /* BBPopupList.swift in Sources */,
				DD5ECE602873EA3400662E49 /* BBPopupScheduler.swift in Sources */,
				DD5ECE332873D2E300662E49 /* ViewController.swift in Sources */,
				DD9F5F1A28758950003320D2 /* CustomPopView.swift in Sources */,
				DD5EDC1D28741E8600662E49 /* BBPopupView.swift in Sources */,
				DD9F4D5728755DB9003320D2 /* BBPopupSchedulerStrategyQueue.swift in Sources */,
				DD5ECE2F2873D2E300662E49 /* AppDelegate.swift in Sources */,
				DD5ECE312873D2E300662E49 /* SceneDelegate.swift in Sources */,
			);
			runOnlyForDeploymentPostprocessing = 0;
		};
		DD5ECE3D2873D2E500662E49 /* Sources */ = {
			isa = PBXSourcesBuildPhase;
			buildActionMask = 2147483647;
			files = (
				DD5ECE462873D2E500662E49 /* PopupManagerDemoTests.swift in Sources */,
			);
			runOnlyForDeploymentPostprocessing = 0;
		};
		DD5ECE472873D2E500662E49 /* Sources */ = {
			isa = PBXSourcesBuildPhase;
			buildActionMask = 2147483647;
			files = (
				DD5ECE522873D2E500662E49 /* PopupManagerDemoUITestsLaunchTests.swift in Sources */,
				DD5ECE502873D2E500662E49 /* PopupManagerDemoUITests.swift in Sources */,
			);
			runOnlyForDeploymentPostprocessing = 0;
		};
/* End PBXSourcesBuildPhase section */

/* Begin PBXTargetDependency section */
		DD5ECE432873D2E500662E49 /* PBXTargetDependency */ = {
			isa = PBXTargetDependency;
			target = DD5ECE2A2873D2E300662E49 /* PopupManagerDemo */;
			targetProxy = DD5ECE422873D2E500662E49 /* PBXContainerItemProxy */;
		};
		DD5ECE4D2873D2E500662E49 /* PBXTargetDependency */ = {
			isa = PBXTargetDependency;
			target = DD5ECE2A2873D2E300662E49 /* PopupManagerDemo */;
			targetProxy = DD5ECE4C2873D2E500662E49 /* PBXContainerItemProxy */;
		};
/* End PBXTargetDependency section */

/* Begin PBXVariantGroup section */
		DD5ECE342873D2E300662E49 /* Main.storyboard */ = {
			isa = PBXVariantGroup;
			children = (
				DD5ECE352873D2E300662E49 /* Base */,
			);
			name = Main.storyboard;
			sourceTree = "<group>";
		};
		DD5ECE392873D2E500662E49 /* LaunchScreen.storyboard */ = {
			isa = PBXVariantGroup;
			children = (
				DD5ECE3A2873D2E500662E49 /* Base */,
			);
			name = LaunchScreen.storyboard;
			sourceTree = "<group>";
		};
/* End PBXVariantGroup section */

/* Begin XCBuildConfiguration section */
		DD5ECE532873D2E500662E49 /* Debug */ = {
			isa = XCBuildConfiguration;
			buildSettings = {
				ALWAYS_SEARCH_USER_PATHS = NO;
				CLANG_ANALYZER_NONNULL = YES;
				CLANG_ANALYZER_NUMBER_OBJECT_CONVERSION = YES_AGGRESSIVE;
				CLANG_CXX_LANGUAGE_STANDARD = "gnu++17";
				CLANG_ENABLE_MODULES = YES;
				CLANG_ENABLE_OBJC_ARC = YES;
				CLANG_ENABLE_OBJC_WEAK = YES;
				CLANG_WARN_BLOCK_CAPTURE_AUTORELEASING = YES;
				CLANG_WARN_BOOL_CONVERSION = YES;
				CLANG_WARN_COMMA = YES;
				CLANG_WARN_CONSTANT_CONVERSION = YES;
				CLANG_WARN_DEPRECATED_OBJC_IMPLEMENTATIONS = YES;
				CLANG_WARN_DIRECT_OBJC_ISA_USAGE = YES_ERROR;
				CLANG_WARN_DOCUMENTATION_COMMENTS = YES;
				CLANG_WARN_EMPTY_BODY = YES;
				CLANG_WARN_ENUM_CONVERSION = YES;
				CLANG_WARN_INFINITE_RECURSION = YES;
				CLANG_WARN_INT_CONVERSION = YES;
				CLANG_WARN_NON_LITERAL_NULL_CONVERSION = YES;
				CLANG_WARN_OBJC_IMPLICIT_RETAIN_SELF = YES;
				CLANG_WARN_OBJC_LITERAL_CONVERSION = YES;
				CLANG_WARN_OBJC_ROOT_CLASS = YES_ERROR;
				CLANG_WARN_QUOTED_INCLUDE_IN_FRAMEWORK_HEADER = YES;
				CLANG_WARN_RANGE_LOOP_ANALYSIS = YES;
				CLANG_WARN_STRICT_PROTOTYPES = YES;
				CLANG_WARN_SUSPICIOUS_MOVE = YES;
				CLANG_WARN_UNGUARDED_AVAILABILITY = YES_AGGRESSIVE;
				CLANG_WARN_UNREACHABLE_CODE = YES;
				CLANG_WARN__DUPLICATE_METHOD_MATCH = YES;
				COPY_PHASE_STRIP = NO;
				DEBUG_INFORMATION_FORMAT = dwarf;
				ENABLE_STRICT_OBJC_MSGSEND = YES;
				ENABLE_TESTABILITY = YES;
				GCC_C_LANGUAGE_STANDARD = gnu11;
				GCC_DYNAMIC_NO_PIC = NO;
				GCC_NO_COMMON_BLOCKS = YES;
				GCC_OPTIMIZATION_LEVEL = 0;
				GCC_PREPROCESSOR_DEFINITIONS = (
					"DEBUG=1",
					"$(inherited)",
				);
				GCC_WARN_64_TO_32_BIT_CONVERSION = YES;
				GCC_WARN_ABOUT_RETURN_TYPE = YES_ERROR;
				GCC_WARN_UNDECLARED_SELECTOR = YES;
				GCC_WARN_UNINITIALIZED_AUTOS = YES_AGGRESSIVE;
				GCC_WARN_UNUSED_FUNCTION = YES;
				GCC_WARN_UNUSED_VARIABLE = YES;
				IPHONEOS_DEPLOYMENT_TARGET = 15.5;
				MTL_ENABLE_DEBUG_INFO = INCLUDE_SOURCE;
				MTL_FAST_MATH = YES;
				ONLY_ACTIVE_ARCH = YES;
				SDKROOT = iphoneos;
				SWIFT_ACTIVE_COMPILATION_CONDITIONS = DEBUG;
				SWIFT_OPTIMIZATION_LEVEL = "-Onone";
			};
			name = Debug;
		};
		DD5ECE542873D2E500662E49 /* Release */ = {
			isa = XCBuildConfiguration;
			buildSettings = {
				ALWAYS_SEARCH_USER_PATHS = NO;
				CLANG_ANALYZER_NONNULL = YES;
				CLANG_ANALYZER_NUMBER_OBJECT_CONVERSION = YES_AGGRESSIVE;
				CLANG_CXX_LANGUAGE_STANDARD = "gnu++17";
				CLANG_ENABLE_MODULES = YES;
				CLANG_ENABLE_OBJC_ARC = YES;
				CLANG_ENABLE_OBJC_WEAK = YES;
				CLANG_WARN_BLOCK_CAPTURE_AUTORELEASING = YES;
				CLANG_WARN_BOOL_CONVERSION = YES;
				CLANG_WARN_COMMA = YES;
				CLANG_WARN_CONSTANT_CONVERSION = YES;
				CLANG_WARN_DEPRECATED_OBJC_IMPLEMENTATIONS = YES;
				CLANG_WARN_DIRECT_OBJC_ISA_USAGE = YES_ERROR;
				CLANG_WARN_DOCUMENTATION_COMMENTS = YES;
				CLANG_WARN_EMPTY_BODY = YES;
				CLANG_WARN_ENUM_CONVERSION = YES;
				CLANG_WARN_INFINITE_RECURSION = YES;
				CLANG_WARN_INT_CONVERSION = YES;
				CLANG_WARN_NON_LITERAL_NULL_CONVERSION = YES;
				CLANG_WARN_OBJC_IMPLICIT_RETAIN_SELF = YES;
				CLANG_WARN_OBJC_LITERAL_CONVERSION = YES;
				CLANG_WARN_OBJC_ROOT_CLASS = YES_ERROR;
				CLANG_WARN_QUOTED_INCLUDE_IN_FRAMEWORK_HEADER = YES;
				CLANG_WARN_RANGE_LOOP_ANALYSIS = YES;
				CLANG_WARN_STRICT_PROTOTYPES = YES;
				CLANG_WARN_SUSPICIOUS_MOVE = YES;
				CLANG_WARN_UNGUARDED_AVAILABILITY = YES_AGGRESSIVE;
				CLANG_WARN_UNREACHABLE_CODE = YES;
				CLANG_WARN__DUPLICATE_METHOD_MATCH = YES;
				COPY_PHASE_STRIP = NO;
				DEBUG_INFORMATION_FORMAT = "dwarf-with-dsym";
				ENABLE_NS_ASSERTIONS = NO;
				ENABLE_STRICT_OBJC_MSGSEND = YES;
				GCC_C_LANGUAGE_STANDARD = gnu11;
				GCC_NO_COMMON_BLOCKS = YES;
				GCC_WARN_64_TO_32_BIT_CONVERSION = YES;
				GCC_WARN_ABOUT_RETURN_TYPE = YES_ERROR;
				GCC_WARN_UNDECLARED_SELECTOR = YES;
				GCC_WARN_UNINITIALIZED_AUTOS = YES_AGGRESSIVE;
				GCC_WARN_UNUSED_FUNCTION = YES;
				GCC_WARN_UNUSED_VARIABLE = YES;
				IPHONEOS_DEPLOYMENT_TARGET = 15.5;
				MTL_ENABLE_DEBUG_INFO = NO;
				MTL_FAST_MATH = YES;
				SDKROOT = iphoneos;
				SWIFT_COMPILATION_MODE = wholemodule;
				SWIFT_OPTIMIZATION_LEVEL = "-O";
				VALIDATE_PRODUCT = YES;
			};
			name = Release;
		};
		DD5ECE562873D2E500662E49 /* Debug */ = {
			isa = XCBuildConfiguration;
			baseConfigurationReference = BF10EC3C85A9B4653F5FA5AF /* Pods-PopupManagerDemo.debug.xcconfig */;
			buildSettings = {
				ASSETCATALOG_COMPILER_APPICON_NAME = AppIcon;
				ASSETCATALOG_COMPILER_GLOBAL_ACCENT_COLOR_NAME = AccentColor;
				CODE_SIGN_STYLE = Automatic;
				CURRENT_PROJECT_VERSION = 1;
				GENERATE_INFOPLIST_FILE = YES;
				INFOPLIST_FILE = PopupManagerDemo/Info.plist;
				INFOPLIST_KEY_UIApplicationSupportsIndirectInputEvents = YES;
				INFOPLIST_KEY_UILaunchStoryboardName = LaunchScreen;
				INFOPLIST_KEY_UIMainStoryboardFile = Main;
				INFOPLIST_KEY_UISupportedInterfaceOrientations_iPad = "UIInterfaceOrientationPortrait UIInterfaceOrientationPortraitUpsideDown UIInterfaceOrientationLandscapeLeft UIInterfaceOrientationLandscapeRight";
				INFOPLIST_KEY_UISupportedInterfaceOrientations_iPhone = "UIInterfaceOrientationPortrait UIInterfaceOrientationLandscapeLeft UIInterfaceOrientationLandscapeRight";
				LD_RUNPATH_SEARCH_PATHS = (
					"$(inherited)",
					"@executable_path/Frameworks",
				);
				MARKETING_VERSION = 1.0;
				PRODUCT_BUNDLE_IDENTIFIER = com.hzd.PopupManagerDemo;
				PRODUCT_NAME = "$(TARGET_NAME)";
				SWIFT_EMIT_LOC_STRINGS = YES;
				SWIFT_VERSION = 5.0;
				TARGETED_DEVICE_FAMILY = "1,2";
			};
			name = Debug;
		};
		DD5ECE572873D2E500662E49 /* Release */ = {
			isa = XCBuildConfiguration;
			baseConfigurationReference = F768E94D4AA1E220554AF8DB /* Pods-PopupManagerDemo.release.xcconfig */;
			buildSettings = {
				ASSETCATALOG_COMPILER_APPICON_NAME = AppIcon;
				ASSETCATALOG_COMPILER_GLOBAL_ACCENT_COLOR_NAME = AccentColor;
				CODE_SIGN_STYLE = Automatic;
				CURRENT_PROJECT_VERSION = 1;
				GENERATE_INFOPLIST_FILE = YES;
				INFOPLIST_FILE = PopupManagerDemo/Info.plist;
				INFOPLIST_KEY_UIApplicationSupportsIndirectInputEvents = YES;
				INFOPLIST_KEY_UILaunchStoryboardName = LaunchScreen;
				INFOPLIST_KEY_UIMainStoryboardFile = Main;
				INFOPLIST_KEY_UISupportedInterfaceOrientations_iPad = "UIInterfaceOrientationPortrait UIInterfaceOrientationPortraitUpsideDown UIInterfaceOrientationLandscapeLeft UIInterfaceOrientationLandscapeRight";
				INFOPLIST_KEY_UISupportedInterfaceOrientations_iPhone = "UIInterfaceOrientationPortrait UIInterfaceOrientationLandscapeLeft UIInterfaceOrientationLandscapeRight";
				LD_RUNPATH_SEARCH_PATHS = (
					"$(inherited)",
					"@executable_path/Frameworks",
				);
				MARKETING_VERSION = 1.0;
				PRODUCT_BUNDLE_IDENTIFIER = com.hzd.PopupManagerDemo;
				PRODUCT_NAME = "$(TARGET_NAME)";
				SWIFT_EMIT_LOC_STRINGS = YES;
				SWIFT_VERSION = 5.0;
				TARGETED_DEVICE_FAMILY = "1,2";
			};
			name = Release;
		};
		DD5ECE592873D2E500662E49 /* Debug */ = {
			isa = XCBuildConfiguration;
			baseConfigurationReference = AC14B69D83B6541FE9F5B250 /* Pods-PopupManagerDemoTests.debug.xcconfig */;
			buildSettings = {
				ALWAYS_EMBED_SWIFT_STANDARD_LIBRARIES = YES;
				BUNDLE_LOADER = "$(TEST_HOST)";
				CODE_SIGN_STYLE = Automatic;
				CURRENT_PROJECT_VERSION = 1;
				GENERATE_INFOPLIST_FILE = YES;
				IPHONEOS_DEPLOYMENT_TARGET = 15.5;
				MARKETING_VERSION = 1.0;
				PRODUCT_BUNDLE_IDENTIFIER = com.hzd.PopupManagerDemoTests;
				PRODUCT_NAME = "$(TARGET_NAME)";
				SWIFT_EMIT_LOC_STRINGS = NO;
				SWIFT_VERSION = 5.0;
				TARGETED_DEVICE_FAMILY = "1,2";
				TEST_HOST = "$(BUILT_PRODUCTS_DIR)/PopupManagerDemo.app/PopupManagerDemo";
			};
			name = Debug;
		};
		DD5ECE5A2873D2E500662E49 /* Release */ = {
			isa = XCBuildConfiguration;
			baseConfigurationReference = 51F68244054BD9B4E78B8ABB /* Pods-PopupManagerDemoTests.release.xcconfig */;
			buildSettings = {
				ALWAYS_EMBED_SWIFT_STANDARD_LIBRARIES = YES;
				BUNDLE_LOADER = "$(TEST_HOST)";
				CODE_SIGN_STYLE = Automatic;
				CURRENT_PROJECT_VERSION = 1;
				GENERATE_INFOPLIST_FILE = YES;
				IPHONEOS_DEPLOYMENT_TARGET = 15.5;
				MARKETING_VERSION = 1.0;
				PRODUCT_BUNDLE_IDENTIFIER = com.hzd.PopupManagerDemoTests;
				PRODUCT_NAME = "$(TARGET_NAME)";
				SWIFT_EMIT_LOC_STRINGS = NO;
				SWIFT_VERSION = 5.0;
				TARGETED_DEVICE_FAMILY = "1,2";
				TEST_HOST = "$(BUILT_PRODUCTS_DIR)/PopupManagerDemo.app/PopupManagerDemo";
			};
			name = Release;
		};
		DD5ECE5C2873D2E500662E49 /* Debug */ = {
			isa = XCBuildConfiguration;
			baseConfigurationReference = 7A6E512A7A394F6E9A2960F7 /* Pods-PopupManagerDemo-PopupManagerDemoUITests.debug.xcconfig */;
			buildSettings = {
				ALWAYS_EMBED_SWIFT_STANDARD_LIBRARIES = YES;
				CODE_SIGN_STYLE = Automatic;
				CURRENT_PROJECT_VERSION = 1;
				GENERATE_INFOPLIST_FILE = YES;
				MARKETING_VERSION = 1.0;
				PRODUCT_BUNDLE_IDENTIFIER = com.hzd.PopupManagerDemoUITests;
				PRODUCT_NAME = "$(TARGET_NAME)";
				SWIFT_EMIT_LOC_STRINGS = NO;
				SWIFT_VERSION = 5.0;
				TARGETED_DEVICE_FAMILY = "1,2";
				TEST_TARGET_NAME = PopupManagerDemo;
			};
			name = Debug;
		};
		DD5ECE5D2873D2E500662E49 /* Release */ = {
			isa = XCBuildConfiguration;
			baseConfigurationReference = EC7A58AF2094B3D9B83CDABF /* Pods-PopupManagerDemo-PopupManagerDemoUITests.release.xcconfig */;
			buildSettings = {
				ALWAYS_EMBED_SWIFT_STANDARD_LIBRARIES = YES;
				CODE_SIGN_STYLE = Automatic;
				CURRENT_PROJECT_VERSION = 1;
				GENERATE_INFOPLIST_FILE = YES;
				MARKETING_VERSION = 1.0;
				PRODUCT_BUNDLE_IDENTIFIER = com.hzd.PopupManagerDemoUITests;
				PRODUCT_NAME = "$(TARGET_NAME)";
				SWIFT_EMIT_LOC_STRINGS = NO;
				SWIFT_VERSION = 5.0;
				TARGETED_DEVICE_FAMILY = "1,2";
				TEST_TARGET_NAME = PopupManagerDemo;
			};
			name = Release;
		};
/* End XCBuildConfiguration section */

/* Begin XCConfigurationList section */
		DD5ECE262873D2E300662E49 /* Build configuration list for PBXProject "PopupManagerDemo" */ = {
			isa = XCConfigurationList;
			buildConfigurations = (
				DD5ECE532873D2E500662E49 /* Debug */,
				DD5ECE542873D2E500662E49 /* Release */,
			);
			defaultConfigurationIsVisible = 0;
			defaultConfigurationName = Release;
		};
		DD5ECE552873D2E500662E49 /* Build configuration list for PBXNativeTarget "PopupManagerDemo" */ = {
			isa = XCConfigurationList;
			buildConfigurations = (
				DD5ECE562873D2E500662E49 /* Debug */,
				DD5ECE572873D2E500662E49 /* Release */,
			);
			defaultConfigurationIsVisible = 0;
			defaultConfigurationName = Release;
		};
		DD5ECE582873D2E500662E49 /* Build configuration list for PBXNativeTarget "PopupManagerDemoTests" */ = {
			isa = XCConfigurationList;
			buildConfigurations = (
				DD5ECE592873D2E500662E49 /* Debug */,
				DD5ECE5A2873D2E500662E49 /* Release */,
			);
			defaultConfigurationIsVisible = 0;
			defaultConfigurationName = Release;
		};
		DD5ECE5B2873D2E500662E49 /* Build configuration list for PBXNativeTarget "PopupManagerDemoUITests" */ = {
			isa = XCConfigurationList;
			buildConfigurations = (
				DD5ECE5C2873D2E500662E49 /* Debug */,
				DD5ECE5D2873D2E500662E49 /* Release */,
			);
			defaultConfigurationIsVisible = 0;
			defaultConfigurationName = Release;
		};
/* End XCConfigurationList section */
	};
	rootObject = DD5ECE232873D2E300662E49 /* Project object */;
}
